{
  "nodes": {
    "agenix": {
      "inputs": {
        "darwin": [
          "nix-darwin"
        ],
        "home-manager": "home-manager",
        "nixpkgs": [
          "nixpkgs"
        ],
        "systems": "systems"
      },
      "locked": {
        "lastModified": 1762618334,
        "narHash": "sha256-wyT7Pl6tMFbFrs8Lk/TlEs81N6L+VSybPfiIgzU8lbQ=",
        "owner": "ryantm",
        "repo": "agenix",
        "rev": "fcdea223397448d35d9b31f798479227e80183f6",
        "type": "github"
      },
      "original": {
        "owner": "ryantm",
        "repo": "agenix",
        "type": "github"
      }
    },
    "bootspec-secureboot": {
      "inputs": {
        "nixpkgs": [
          "nixpkgs"
        ]
      },
      "locked": {
        "lastModified": 1696972067,
        "narHash": "sha256-ZUK9zZ+FY0it15VmzSyRv4v2pI7o29mTyT0JNC0hCtg=",
        "owner": "DeterminateSystems",
        "repo": "bootspec-secureboot",
        "rev": "4304a862192a4d33f0e08e19ef2bc047c66a2190",
        "type": "github"
      },
      "original": {
        "owner": "DeterminateSystems",
        "ref": "main",
        "repo": "bootspec-secureboot",
        "type": "github"
      }
    },
    "firefox-nightly": {
      "inputs": {
        "flake-compat": "flake-compat",
        "lib-aggregate": "lib-aggregate",
        "nixpkgs": [
          "nixpkgs"
        ]
      },
      "locked": {
        "lastModified": 1767749164,
        "narHash": "sha256-NRLQEEdViCc+wDuq6+7iSOvQeAEpTPbDCRWS89CAKOo=",
        "owner": "colemickens",
        "repo": "flake-firefox-nightly",
        "rev": "08ba84eb8b7d7e8381cb016818b4b3bd0ce5c498",
        "type": "github"
      },
      "original": {
        "owner": "colemickens",
        "repo": "flake-firefox-nightly",
        "type": "github"
      }
    },
    "flake-compat": {
      "locked": {
        "lastModified": 1761640442,
        "narHash": "sha256-AtrEP6Jmdvrqiv4x2xa5mrtaIp3OEe8uBYCDZDS+hu8=",
        "owner": "nix-community",
        "repo": "flake-compat",
        "rev": "4a56054d8ffc173222d09dad23adf4ba946c8884",
        "type": "github"
      },
      "original": {
        "owner": "nix-community",
        "repo": "flake-compat",
        "type": "github"
      }
    },
    "flake-parts": {
      "inputs": {
        "nixpkgs-lib": [
          "neovim-nightly-overlay",
          "nixpkgs"
        ]
      },
      "locked": {
        "lastModified": 1767609335,
        "narHash": "sha256-feveD98mQpptwrAEggBQKJTYbvwwglSbOv53uCfH9PY=",
        "owner": "hercules-ci",
        "repo": "flake-parts",
        "rev": "250481aafeb741edfe23d29195671c19b36b6dca",
        "type": "github"
      },
      "original": {
        "owner": "hercules-ci",
        "repo": "flake-parts",
        "type": "github"
      }
    },
    "flake-utils": {
      "inputs": {
        "systems": "systems_2"
      },
      "locked": {
        "lastModified": 1731533236,
        "narHash": "sha256-l0KFg5HjrsfsO/JpG+r7fRrqm12kzFHyUHqHCVpMMbI=",
        "owner": "numtide",
        "repo": "flake-utils",
        "rev": "11707dc2f618dd54ca8739b309ec4fc024de578b",
        "type": "github"
      },
      "original": {
        "owner": "numtide",
        "repo": "flake-utils",
        "type": "github"
      }
    },
    "flake-utils_2": {
      "inputs": {
        "systems": "systems_3"
      },
      "locked": {
        "lastModified": 1731533236,
        "narHash": "sha256-l0KFg5HjrsfsO/JpG+r7fRrqm12kzFHyUHqHCVpMMbI=",
        "owner": "numtide",
        "repo": "flake-utils",
        "rev": "11707dc2f618dd54ca8739b309ec4fc024de578b",
        "type": "github"
      },
      "original": {
        "owner": "numtide",
        "repo": "flake-utils",
        "type": "github"
      }
    },
    "flakey-profile": {
      "locked": {
        "lastModified": 1712898590,
        "narHash": "sha256-FhGIEU93VHAChKEXx905TSiPZKga69bWl1VB37FK//I=",
        "owner": "lf-",
        "repo": "flakey-profile",
        "rev": "243c903fd8eadc0f63d205665a92d4df91d42d9d",
        "type": "github"
      },
      "original": {
        "owner": "lf-",
        "repo": "flakey-profile",
        "type": "github"
      }
    },
    "home-manager": {
      "inputs": {
        "nixpkgs": [
          "agenix",
          "nixpkgs"
        ]
      },
      "locked": {
        "lastModified": 1745494811,
        "narHash": "sha256-YZCh2o9Ua1n9uCvrvi5pRxtuVNml8X2a03qIFfRKpFs=",
        "owner": "nix-community",
        "repo": "home-manager",
        "rev": "abfad3d2958c9e6300a883bd443512c55dfeb1be",
        "type": "github"
      },
      "original": {
        "owner": "nix-community",
        "repo": "home-manager",
        "type": "github"
      }
    },
    "home-manager_2": {
      "inputs": {
        "nixpkgs": [
          "nixpkgs"
        ]
      },
      "locked": {
        "lastModified": 1767738364,
        "narHash": "sha256-rmAerMcKMYusVs5B88RAKAYUiENrO+d4bjvpQkkaaks=",
        "owner": "nix-community",
        "repo": "home-manager",
        "rev": "4e8b7bef66c60735982369f3151b93e62fe37da7",
        "type": "github"
      },
      "original": {
        "owner": "nix-community",
        "repo": "home-manager",
        "type": "github"
      }
    },
    "kitty": {
      "flake": false,
      "locked": {
        "lastModified": 1767668844,
        "narHash": "sha256-qqzQH4aeWeCMhxJmygq4pZZ6G55VC5vW1Hik7ojNRxM=",
        "owner": "kovidgoyal",
        "repo": "kitty",
        "rev": "df17142ea4fdaa31a54015b7baab6a451a593433",
        "type": "github"
      },
      "original": {
        "owner": "kovidgoyal",
        "repo": "kitty",
        "type": "github"
      }
    },
    "lib-aggregate": {
      "inputs": {
        "flake-utils": "flake-utils",
        "nixpkgs-lib": "nixpkgs-lib"
      },
      "locked": {
        "lastModified": 1767530944,
        "narHash": "sha256-DPczJq4hmhqG9i7wo+zARji+hUj1iKR3Qnz8BTuFgHU=",
        "owner": "nix-community",
        "repo": "lib-aggregate",
        "rev": "f32c12294f38b793121079bcf98fcb30d5440edc",
        "type": "github"
      },
      "original": {
        "owner": "nix-community",
        "repo": "lib-aggregate",
        "type": "github"
      }
    },
    "lix": {
      "flake": false,
      "locked": {
        "lastModified": 1767713749,
        "narHash": "sha256-qkdA6fSj1av6pdI90qFxfn2WdN6vLnbUYP5y5+KjmCA=",
        "rev": "1ae5610a4eb41610b08277fe0f41a4393cf2dc3f",
        "type": "tarball",
        "url": "https://git.lix.systems/api/v1/repos/lix-project/lix/archive/1ae5610a4eb41610b08277fe0f41a4393cf2dc3f.tar.gz?rev=1ae5610a4eb41610b08277fe0f41a4393cf2dc3f"
      },
      "original": {
        "type": "tarball",
        "url": "https://git.lix.systems/lix-project/lix/archive/main.tar.gz"
      }
    },
    "lix-module": {
      "inputs": {
        "flake-utils": [
          "flake-utils"
        ],
        "flakey-profile": "flakey-profile",
        "lix": [
          "lix"
        ],
        "nixpkgs": [
          "nixpkgs"
        ]
      },
      "locked": {
        "lastModified": 1767364176,
        "narHash": "sha256-l6YdEBYQxXjD8ujqvc0tKdwWc3K8UQOi+E4Y3DKQ318=",
        "rev": "1688100bba140492658d597f6b307c327f35c780",
        "type": "tarball",
        "url": "https://git.lix.systems/api/v1/repos/lix-project/nixos-module/archive/1688100bba140492658d597f6b307c327f35c780.tar.gz?rev=1688100bba140492658d597f6b307c327f35c780"
      },
      "original": {
        "type": "tarball",
        "url": "https://git.lix.systems/lix-project/nixos-module/archive/main.tar.gz"
      }
    },
    "mkalias": {
      "inputs": {
        "nixpkgs": [
          "nixpkgs"
        ]
      },
      "locked": {
        "lastModified": 1678761502,
        "narHash": "sha256-tL3C/b2BPOGQpV287wECDCDWmKwwPvezAAN3qz7N07M=",
        "owner": "reckenrode",
        "repo": "mkalias",
        "rev": "8a5478cdb646f137ebc53cb9d235f8e5892ea00a",
        "type": "github"
      },
      "original": {
        "owner": "reckenrode",
        "repo": "mkalias",
        "type": "github"
      }
    },
    "neovim-nightly-overlay": {
      "inputs": {
        "flake-parts": "flake-parts",
        "neovim-src": "neovim-src",
        "nixpkgs": [
          "nixpkgs"
        ]
      },
      "locked": {
        "lastModified": 1767744315,
        "narHash": "sha256-3Ck6p5OBp7+TlRyX/0ewyiV3D4K9GnVskfzImj5+h88=",
        "owner": "nix-community",
        "repo": "neovim-nightly-overlay",
        "rev": "51267717d88e4934e0035cfc117438bd768d673b",
        "type": "github"
      },
      "original": {
        "owner": "nix-community",
        "repo": "neovim-nightly-overlay",
        "type": "github"
      }
    },
    "neovim-src": {
      "flake": false,
      "locked": {
        "lastModified": 1767740412,
        "narHash": "sha256-PmT0T9FU2vs2DE5UBgjOvzA3rpduMXFdIuh2Q2AXUFU=",
        "owner": "neovim",
        "repo": "neovim",
        "rev": "9252d470cb08552fec9c405b22b887624a49ee20",
        "type": "github"
      },
      "original": {
        "owner": "neovim",
        "repo": "neovim",
        "type": "github"
      }
    },
    "nix-darwin": {
      "inputs": {
        "nixpkgs": [
          "nixpkgs"
        ]
      },
      "locked": {
        "lastModified": 1767718503,
        "narHash": "sha256-V+VkFs0aSG0ca8p/N3gib7FAf4cq9jyr5Gm+ZBrHQpo=",
        "owner": "lnl7",
        "repo": "nix-darwin",
        "rev": "9f48ffaca1f44b3e590976b4da8666a9e86e6eb1",
        "type": "github"
      },
      "original": {
        "owner": "lnl7",
        "repo": "nix-darwin",
        "type": "github"
      }
    },
    "nixpkgs": {
      "locked": {
        "lastModified": 1767364772,
        "narHash": "sha256-fFUnEYMla8b7UKjijLnMe+oVFOz6HjijGGNS1l7dYaQ=",
        "owner": "nixos",
        "repo": "nixpkgs",
        "rev": "16c7794d0a28b5a37904d55bcca36003b9109aaa",
        "type": "github"
      },
      "original": {
        "owner": "nixos",
        "ref": "nixpkgs-unstable",
        "repo": "nixpkgs",
        "type": "github"
      }
    },
    "nixpkgs-lib": {
      "locked": {
        "lastModified": 1767489562,
        "narHash": "sha256-vyCgu90Lv0poRd3Ne2rQDUj0Jfj+Oilgtj3M0CoL2SM=",
        "owner": "nix-community",
        "repo": "nixpkgs.lib",
        "rev": "c0acf4617d3542ad4c6be461c1a9b9059c937060",
        "type": "github"
      },
      "original": {
        "owner": "nix-community",
        "repo": "nixpkgs.lib",
        "type": "github"
      }
    },
    "nvim-treesitter": {
      "flake": false,
      "locked": {
        "lastModified": 1767610919,
        "narHash": "sha256-C9StxCko4UHKM3/JRPy4E6TFN9UtChTkWw8/1P4+xTU=",
        "owner": "nvim-treesitter",
        "repo": "nvim-treesitter",
        "rev": "b033ab331ca0bccbd93c3c2b4f886fdfc09abec0",
        "type": "github"
      },
      "original": {
        "owner": "nvim-treesitter",
        "repo": "nvim-treesitter",
        "type": "github"
      }
    },
    "otel-cli": {
      "flake": false,
      "locked": {
        "lastModified": 1745256879,
        "narHash": "sha256-jxJVb5scpZP4acEnAjO4iao4K1k+hXHDVgsZaJrJtzc=",
        "owner": "equinix-labs",
        "repo": "otel-cli",
        "rev": "8f86e487b5f5badc8a4de50f0108e04bb38a7b4d",
        "type": "github"
      },
      "original": {
        "owner": "equinix-labs",
        "repo": "otel-cli",
        "type": "github"
      }
    },
    "root": {
      "inputs": {
        "agenix": "agenix",
        "bootspec-secureboot": "bootspec-secureboot",
        "firefox-nightly": "firefox-nightly",
        "flake-utils": "flake-utils_2",
        "home-manager": "home-manager_2",
        "kitty": "kitty",
        "lix": "lix",
        "lix-module": "lix-module",
        "mkalias": "mkalias",
        "neovim-nightly-overlay": "neovim-nightly-overlay",
        "nix-darwin": "nix-darwin",
        "nixpkgs": "nixpkgs",
        "nvim-treesitter": "nvim-treesitter",
        "otel-cli": "otel-cli",
        "rust-overlay": "rust-overlay"
      }
    },
    "rust-overlay": {
      "inputs": {
        "nixpkgs": [
          "nixpkgs"
        ]
      },
      "locked": {
        "lastModified": 1767667566,
        "narHash": "sha256-COy+yxZGuhQRVD1r4bWVgeFt1GB+IB1k5WRpDKbLfI8=",
        "owner": "oxalica",
        "repo": "rust-overlay",
        "rev": "056ce5b125ab32ffe78c7d3e394d9da44733c95e",
        "type": "github"
      },
      "original": {
        "owner": "oxalica",
        "repo": "rust-overlay",
        "type": "github"
      }
    },
    "systems": {
      "locked": {
        "lastModified": 1681028828,
        "narHash": "sha256-Vy1rq5AaRuLzOxct8nz4T6wlgyUR7zLU309k9mBC768=",
        "owner": "nix-systems",
        "repo": "default",
        "rev": "da67096a3b9bf56a91d16901293e51ba5b49a27e",
        "type": "github"
      },
      "original": {
        "owner": "nix-systems",
        "repo": "default",
        "type": "github"
      }
    },
    "systems_2": {
      "locked": {
        "lastModified": 1681028828,
        "narHash": "sha256-Vy1rq5AaRuLzOxct8nz4T6wlgyUR7zLU309k9mBC768=",
        "owner": "nix-systems",
        "repo": "default",
        "rev": "da67096a3b9bf56a91d16901293e51ba5b49a27e",
        "type": "github"
      },
      "original": {
        "owner": "nix-systems",
        "repo": "default",
        "type": "github"
      }
    },
    "systems_3": {
      "locked": {
        "lastModified": 1681028828,
        "narHash": "sha256-Vy1rq5AaRuLzOxct8nz4T6wlgyUR7zLU309k9mBC768=",
        "owner": "nix-systems",
        "repo": "default",
        "rev": "da67096a3b9bf56a91d16901293e51ba5b49a27e",
        "type": "github"
      },
      "original": {
        "owner": "nix-systems",
        "repo": "default",
        "type": "github"
      }
    }
  },
  "root": "root",
  "version": 7
}
