{
  "nodes": {
    "direnv": {
      "inputs": {
        "nixpkgs": [
          "nixpkgs"
        ]
      },
      "locked": {
        "lastModified": 1646076716,
        "narHash": "sha256-GKoLSqloipgJD5DYL8bjNTXeMGmPbG9L0bxfcXBw8wY=",
        "owner": "hazelweakly",
        "repo": "direnv",
        "rev": "2ec489d8ddff12f655d4291613a0cfdcb1915ac4",
        "type": "github"
      },
      "original": {
        "owner": "hazelweakly",
        "repo": "direnv",
        "type": "github"
      }
    },
    "flake-compat": {
      "flake": false,
      "locked": {
        "lastModified": 1650374568,
        "narHash": "sha256-Z+s0J8/r907g149rllvwhb4pKi8Wam5ij0st8PwAh+E=",
        "owner": "edolstra",
        "repo": "flake-compat",
        "rev": "b4a34015c698c7793d592d66adbab377907a2be8",
        "type": "github"
      },
      "original": {
        "owner": "edolstra",
        "repo": "flake-compat",
        "type": "github"
      }
    },
    "flake-utils": {
      "locked": {
        "lastModified": 1653893745,
        "narHash": "sha256-0jntwV3Z8//YwuOjzhV2sgJJPt+HY6KhU7VZUL0fKZQ=",
        "owner": "numtide",
        "repo": "flake-utils",
        "rev": "1ed9fb1935d260de5fe1c2f7ee0ebaae17ed2fa1",
        "type": "github"
      },
      "original": {
        "owner": "numtide",
        "repo": "flake-utils",
        "type": "github"
      }
    },
    "home-manager": {
      "inputs": {
        "nixpkgs": [
          "nixpkgs"
        ]
      },
      "locked": {
        "lastModified": 1654422613,
        "narHash": "sha256-ZxkMM13AnrMwYOV99ohzcqeTkAOqD9Q2SBdZ9WoFE9Y=",
        "owner": "nix-community",
        "repo": "home-manager",
        "rev": "20703892473d01c70fb10248442231fe94f4ceb4",
        "type": "github"
      },
      "original": {
        "owner": "nix-community",
        "ref": "master",
        "repo": "home-manager",
        "type": "github"
      }
    },
    "mkalias": {
      "inputs": {
        "flake-utils": [
          "flake-utils"
        ],
        "nixpkgs": [
          "nixpkgs"
        ],
        "rust-overlay": [
          "rust-overlay"
        ]
      },
      "locked": {
        "lastModified": 1629434396,
        "narHash": "sha256-NBsUcKCOofQkqq0TVLuU3fu495/XqyXcW0GJ9b8cYbc=",
        "owner": "reckenrode",
        "repo": "mkalias",
        "rev": "9d603a4961d96963b6c33cbd6d73a0f58dbc087e",
        "type": "github"
      },
      "original": {
        "owner": "reckenrode",
        "repo": "mkalias",
        "type": "github"
      }
    },
    "naersk": {
      "inputs": {
        "nixpkgs": [
          "nixpkgs"
        ]
      },
      "locked": {
        "lastModified": 1653413650,
        "narHash": "sha256-wojDHjb+eU80MPH+3HQaK0liUy8EgR95rvmCl24i58Y=",
        "owner": "nmattia",
        "repo": "naersk",
        "rev": "69daaceebe12c070cd5ae69ba38f277bbf033695",
        "type": "github"
      },
      "original": {
        "owner": "nmattia",
        "repo": "naersk",
        "type": "github"
      }
    },
    "neovim-flake": {
      "inputs": {
        "flake-utils": [
          "flake-utils"
        ],
        "nixpkgs": [
          "nixpkgs"
        ]
      },
      "locked": {
        "dir": "contrib",
        "lastModified": 1654532397,
        "narHash": "sha256-SzYI5+XAqQQ33wciGxDIIIDQyIJIGgOGzV3Ydo7DQNo=",
        "owner": "neovim",
        "repo": "neovim",
        "rev": "ab1f96e1d5ba6d6664eb472c2eaade4f91982734",
        "type": "github"
      },
      "original": {
        "dir": "contrib",
        "owner": "neovim",
        "repo": "neovim",
        "type": "github"
      }
    },
    "nix-darwin": {
      "inputs": {
        "nixpkgs": [
          "nixpkgs"
        ]
      },
      "locked": {
        "lastModified": 1651916036,
        "narHash": "sha256-UuD9keUGm4IuVEV6wdSYbuRm7CwfXE63hVkzKDjVsh4=",
        "owner": "lnl7",
        "repo": "nix-darwin",
        "rev": "2f2bdf658d2b79bada78dc914af99c53cad37cba",
        "type": "github"
      },
      "original": {
        "owner": "lnl7",
        "ref": "master",
        "repo": "nix-darwin",
        "type": "github"
      }
    },
    "nixpkgs": {
      "locked": {
        "lastModified": 1654398695,
        "narHash": "sha256-Kw/KeoFXszNsF5mORP45mrxCP+k9Aq03hWcuWCL9sdI=",
        "owner": "nixos",
        "repo": "nixpkgs",
        "rev": "c5d810f4c74c824ae0fb788103003c6c9d366a08",
        "type": "github"
      },
      "original": {
        "owner": "nixos",
        "ref": "nixpkgs-unstable",
        "repo": "nixpkgs",
        "type": "github"
      }
    },
    "rnix-lsp": {
      "inputs": {
        "naersk": [
          "naersk"
        ],
        "nixpkgs": [
          "nixpkgs"
        ],
        "utils": [
          "flake-utils"
        ]
      },
      "locked": {
        "lastModified": 1651229115,
        "narHash": "sha256-ic9hnLq3f7KIpr0uJXptHOImPv4CqznTE9yBM/LCiko=",
        "owner": "nix-community",
        "repo": "rnix-lsp",
        "rev": "9736265eb4fd4d1488b34b229ad1ab589610740e",
        "type": "github"
      },
      "original": {
        "owner": "nix-community",
        "repo": "rnix-lsp",
        "type": "github"
      }
    },
    "root": {
      "inputs": {
        "direnv": "direnv",
        "flake-compat": "flake-compat",
        "flake-utils": "flake-utils",
        "home-manager": "home-manager",
        "mkalias": "mkalias",
        "naersk": "naersk",
        "neovim-flake": "neovim-flake",
        "nix-darwin": "nix-darwin",
        "nixpkgs": "nixpkgs",
        "rnix-lsp": "rnix-lsp",
        "rust-overlay": "rust-overlay",
        "zig": "zig"
      }
    },
    "rust-overlay": {
      "inputs": {
        "flake-utils": [
          "flake-utils"
        ],
        "nixpkgs": [
          "nixpkgs"
        ]
      },
      "locked": {
        "lastModified": 1654483484,
        "narHash": "sha256-Ki/sMgrUEj+31P3YMzZZp5Nea7+MQVVTdaRWQVS1PL4=",
        "owner": "oxalica",
        "repo": "rust-overlay",
        "rev": "6bc59b9c4ad1cc1089219e935aa727a96d948c5d",
        "type": "github"
      },
      "original": {
        "owner": "oxalica",
        "repo": "rust-overlay",
        "type": "github"
      }
    },
    "zig": {
      "inputs": {
        "flake-utils": [
          "flake-utils"
        ],
        "nixpkgs": [
          "nixpkgs"
        ]
      },
      "locked": {
        "lastModified": 1654562243,
        "narHash": "sha256-cGmYSvR/RO6WkquBeCUHGn12uZ7H8CHiKy4EYkQs+48=",
        "owner": "roarkanize",
        "repo": "zig-overlay",
        "rev": "4d69e34fa27f0f64760f7c001a94b2d86cde3490",
        "type": "github"
      },
      "original": {
        "owner": "roarkanize",
        "repo": "zig-overlay",
        "type": "github"
      }
    }
  },
  "root": "root",
  "version": 7
}
