{
  "name": "name",
  "version": "0.0.1",
  "lockfileVersion": 2,
  "requires": true,
  "packages": {
    "": {
      "name": "name",
      "version": "0.0.1",
      "dependencies": {
        "@fsouza/prettierd": "*"
      }
    },
    "node_modules/@fsouza/prettierd": {
      "version": "0.18.1",
      "resolved": "https://registry.npmjs.org/@fsouza/prettierd/-/prettierd-0.18.1.tgz",
      "integrity": "sha512-W2H1E09e1B31MuyOlpXOtemxZ+9qZk7TTOzebVDh5WqHB7+jo1WOJtGwwTyp1k9irlvqqF/FpRzIUrKBR4KGqA==",
      "dependencies": {
        "core_d": "^3.2.0",
        "nanolru": "^1.0.0",
        "prettier": "^2.3.2"
      },
      "bin": {
        "prettierd": "bin/prettierd"
      }
    },
    "node_modules/core_d": {
      "version": "3.2.0",
      "resolved": "https://registry.npmjs.org/core_d/-/core_d-3.2.0.tgz",
      "integrity": "sha512-waKkgHU2P19huhuMjCqCDWTYjxCIHoB+nnYjI7pVMUOC1giWxMNDrXkPw9QjWY+PWCFm49bD3wA/J+c7BGZ+og==",
      "dependencies": {
        "supports-color": "^8.1.0"
      }
    },
    "node_modules/has-flag": {
      "version": "4.0.0",
      "resolved": "https://registry.npmjs.org/has-flag/-/has-flag-4.0.0.tgz",
      "integrity": "sha512-EykJT/Q1KjTWctppgIAgfSO0tKVuZUjhgMr17kqTumMl6Afv3EISleU7qZUzoXDFTAHTDC4NOoG/ZxU3EvlMPQ==",
      "engines": {
        "node": ">=8"
      }
    },
    "node_modules/nanolru": {
      "version": "1.0.0",
      "resolved": "https://registry.npmjs.org/nanolru/-/nanolru-1.0.0.tgz",
      "integrity": "sha512-GyQkE8M32pULhQk7Sko5raoIbPalAk90ICG+An4fq6fCsFHsP6fB2K46WGXVdoJpy4SGMnZ/EKbo123fZJomWg==",
      "engines": {
        "node": ">= 0.4.0"
      }
    },
    "node_modules/prettier": {
      "version": "2.5.1",
      "resolved": "https://registry.npmjs.org/prettier/-/prettier-2.5.1.tgz",
      "integrity": "sha512-vBZcPRUR5MZJwoyi3ZoyQlc1rXeEck8KgeC9AwwOn+exuxLxq5toTRDTSaVrXHxelDMHy9zlicw8u66yxoSUFg==",
      "bin": {
        "prettier": "bin-prettier.js"
      },
      "engines": {
        "node": ">=10.13.0"
      }
    },
    "node_modules/supports-color": {
      "version": "8.1.1",
      "resolved": "https://registry.npmjs.org/supports-color/-/supports-color-8.1.1.tgz",
      "integrity": "sha512-MpUEN2OodtUzxvKQl72cUF7RQ5EiHsGvSsVG0ia9c5RbWGL2CI4C7EpPS8UTBIplnlzZiNuV56w+FuNxy3ty2Q==",
      "dependencies": {
        "has-flag": "^4.0.0"
      },
      "engines": {
        "node": ">=10"
      },
      "funding": {
        "url": "https://github.com/chalk/supports-color?sponsor=1"
      }
    }
  },
  "dependencies": {
    "@fsouza/prettierd": {
      "version": "0.18.1",
      "resolved": "https://registry.npmjs.org/@fsouza/prettierd/-/prettierd-0.18.1.tgz",
      "integrity": "sha512-W2H1E09e1B31MuyOlpXOtemxZ+9qZk7TTOzebVDh5WqHB7+jo1WOJtGwwTyp1k9irlvqqF/FpRzIUrKBR4KGqA==",
      "requires": {
        "core_d": "^3.2.0",
        "nanolru": "^1.0.0",
        "prettier": "^2.3.2"
      }
    },
    "core_d": {
      "version": "3.2.0",
      "resolved": "https://registry.npmjs.org/core_d/-/core_d-3.2.0.tgz",
      "integrity": "sha512-waKkgHU2P19huhuMjCqCDWTYjxCIHoB+nnYjI7pVMUOC1giWxMNDrXkPw9QjWY+PWCFm49bD3wA/J+c7BGZ+og==",
      "requires": {
        "supports-color": "^8.1.0"
      }
    },
    "has-flag": {
      "version": "4.0.0",
      "resolved": "https://registry.npmjs.org/has-flag/-/has-flag-4.0.0.tgz",
      "integrity": "sha512-EykJT/Q1KjTWctppgIAgfSO0tKVuZUjhgMr17kqTumMl6Afv3EISleU7qZUzoXDFTAHTDC4NOoG/ZxU3EvlMPQ=="
    },
    "nanolru": {
      "version": "1.0.0",
      "resolved": "https://registry.npmjs.org/nanolru/-/nanolru-1.0.0.tgz",
      "integrity": "sha512-GyQkE8M32pULhQk7Sko5raoIbPalAk90ICG+An4fq6fCsFHsP6fB2K46WGXVdoJpy4SGMnZ/EKbo123fZJomWg=="
    },
    "prettier": {
      "version": "2.5.1",
      "resolved": "https://registry.npmjs.org/prettier/-/prettier-2.5.1.tgz",
      "integrity": "sha512-vBZcPRUR5MZJwoyi3ZoyQlc1rXeEck8KgeC9AwwOn+exuxLxq5toTRDTSaVrXHxelDMHy9zlicw8u66yxoSUFg=="
    },
    "supports-color": {
      "version": "8.1.1",
      "resolved": "https://registry.npmjs.org/supports-color/-/supports-color-8.1.1.tgz",
      "integrity": "sha512-MpUEN2OodtUzxvKQl72cUF7RQ5EiHsGvSsVG0ia9c5RbWGL2CI4C7EpPS8UTBIplnlzZiNuV56w+FuNxy3ty2Q==",
      "requires": {
        "has-flag": "^4.0.0"
      }
    }
  }
}
